# This file is automatically @generated by Cargo.
# It is not intended for manual editing.
version = 4

[[package]]
name = "dcsterrain-cli"
version = "0.1.0"
dependencies = [
 "dcsterrain-core",
]

[[package]]
name = "dcsterrain-core"
version = "0.1.0"

[[package]]
name = "dcsterrain-mcp"
version = "0.1.0"
dependencies = [
 "dcsterrain-core",
]
